
Microsoft Visual Studio Solution File, Format Version 12.00
# Visual Studio Version 16
VisualStudioVersion = 16.0.30621.155
MinimumVisualStudioVersion = 10.0.40219.1
Project("{FAE04EC0-301F-11D3-BF4B-00C04F79EFBC}") = "Lesson5", "Lesson5\Lesson5.csproj", "{F07B70AC-1C5F-4F0F-A0A3-4849BB0A355A}"
EndProject
Global
	GlobalSection(SolutionConfigurationPlatforms) = preSolution
		Debug|Any CPU = Debug|Any CPU
		Release|Any CPU = Release|Any CPU
	EndGlobalSection
	GlobalSection(ProjectConfigurationPlatforms) = postSolution
		{F07B70AC-1C5F-4F0F-A0A3-4849BB0A355A}.Debug|Any CPU.ActiveCfg = Debug|Any CPU
		{F07B70AC-1C5F-4F0F-A0A3-4849BB0A355A}.Debug|Any CPU.Build.0 = Debug|Any CPU
		{F07B70AC-1C5F-4F0F-A0A3-4849BB0A355A}.Release|Any CPU.ActiveCfg = Release|Any CPU
		{F07B70AC-1C5F-4F0F-A0A3-4849BB0A355A}.Release|Any CPU.Build.0 = Release|Any CPU
	EndGlobalSection
	GlobalSection(SolutionProperties) = preSolution
		HideSolutionNode = FALSE
	EndGlobalSection
	GlobalSection(ExtensibilityGlobals) = postSolution
		SolutionGuid = {2422198E-9744-4348-ABEF-CB5826A9A983}
	EndGlobalSection
EndGlobal
